github.com/philippecery/libs v0.0.0-20210111124205-7a0a0a1973c5 h1:i+OCFL8d+D7I+/vDHs7UNminpvrnH66aF6f1xN/i0H8=
github.com/philippecery/libs/crng v0.0.0-20210111124205-7a0a0a1973c5 h1:jegAUG59YvA6ENndmYYEu0uM8zERw2jzdUuvIfwN+WE=
github.com/philippecery/libs/crng v0.0.0-20210111124205-7a0a0a1973c5/go.mod h1:Em/tBRm3wiXmJCoJLlP50zGgVvGYXk4kbZPRwFB/ilk=
