github.com/BurntSushi/toml v0.3.1 h1:WXkYYl6Yr3qBf1K79EBnL4mak0OimBfB0XUf9Vl28OQ=
github.com/BurntSushi/toml v0.3.1/go.mod h1:xHWCNGjB5oqiDr8zfno3MHue2Ht5sIBksp03qcyfWMU=
github.com/go-sql-driver/mysql v1.6.0 h1:BCTh4TKNUYmOmMUcQ3IipzF5prigylS7XXjEkfCHuOE=
github.com/go-sql-driver/mysql v1.6.0/go.mod h1:DCzpHaOWr8IXmIStZouvnhqoel9Qv2LBy8hT2VhHyBg=
github.com/goodsign/monday v1.0.0 h1:Yyk/s/WgudMbAJN6UWSU5xAs8jtNewfqtVblAlw0yoc=
github.com/goodsign/monday v1.0.0/go.mod h1:r4T4breXpoFwspQNM+u2sLxJb2zyTaxVGqUfTBjWOu8=
github.com/gorilla/websocket v1.4.2 h1:+/TMaTYc4QFitKJxsQ7Yye35DkWvkdLcvGKqM+x0Ufc=
github.com/gorilla/websocket v1.4.2/go.mod h1:YR8l580nyteQvAITg2hZ9XVh4b55+EU/adAjf1fMHhE=
github.com/kr/pretty v0.1.0 h1:L/CwN0zerZDmRFUapSPitk6f+Q3+0za1rQkzVuMiMFI=
github.com/kr/pretty v0.1.0/go.mod h1:dAy3ld7l9f0ibDNOQOHHMYYIIbhfbHSm3C4ZsoJORNo=
github.com/kr/pty v1.1.1 h1:VkoXIwSboBpnk99O/KFauAEILuNHv5DVFKZMBN/gUgw=
github.com/kr/pty v1.1.1/go.mod h1:pFQYn66WHrOpPYNljwOMqo10TkYh1fy3cYio2l3bCsQ=
github.com/kr/text v0.1.0 h1:45sCR5RtlFHMR4UwH9sdQ5TC8v0qDQCHnXt+kaKSTVE=
github.com/kr/text v0.1.0/go.mod h1:4Jbv+DJW3UT/LiOwJeYQe1efqtUx/iVham/4vfdArNI=
github.com/nicksnyder/go-i18n/v2 v2.1.2 h1:QHYxcUJnGHBaq7XbvgunmZ2Pn0focXFqTD61CkH146c=
github.com/nicksnyder/go-i18n/v2 v2.1.2/go.mod h1:d++QJC9ZVf7pa48qrsRWhMJ5pSHIPmS3OLqK1niyLxs=
github.com/philippecery/libs/bytes v0.0.0-20201109144343-e0a5bb75243c/go.mod h1:Dr0MkqDyYRSylATFh3d/MbM9Xh6FG3WN/OukM3JgrZY=
github.com/philippecery/libs/bytes v0.0.0-20201226115441-ce0e80421cfa/go.mod h1:Dr0MkqDyYRSylATFh3d/MbM9Xh6FG3WN/OukM3JgrZY=
github.com/philippecery/libs/bytes v0.0.0-20210221050123-e0754db0b09a/go.mod h1:Dr0MkqDyYRSylATFh3d/MbM9Xh6FG3WN/OukM3JgrZY=
github.com/philippecery/libs/bytes v0.0.0-20210307093052-7ddfd0d4cc30 h1:ET30rzDLpfzGQErUAqwS2EZdt64IxNop9sJLdAA6f54=
github.com/philippecery/libs/bytes v0.0.0-20210307093052-7ddfd0d4cc30/go.mod h1:Dr0MkqDyYRSylATFh3d/MbM9Xh6FG3WN/OukM3JgrZY=
github.com/philippecery/libs/cipher v0.0.0-20210307093052-7ddfd0d4cc30 h1:YpECWQFuPRdt8BWPYfw4LsTqpISEKkRLREzqI5yGsRc=
github.com/philippecery/libs/cipher v0.0.0-20210307093052-7ddfd0d4cc30/go.mod h1:jfXXecTRd84JMDTs1rDCbLr3bzqjuL/yqDRYu/3w0qU=
github.com/philippecery/libs/crng v0.0.0-20210221044214-baae171a2806/go.mod h1:Em/tBRm3wiXmJCoJLlP50zGgVvGYXk4kbZPRwFB/ilk=
github.com/philippecery/libs/crng v0.0.0-20210221050123-e0754db0b09a/go.mod h1:Em/tBRm3wiXmJCoJLlP50zGgVvGYXk4kbZPRwFB/ilk=
github.com/philippecery/libs/crng v0.0.0-20210307093052-7ddfd0d4cc30 h1:MMnoL7cyeb5V2k3kx7Ben+77EWjKkIF8bJz2hPSybsQ=
github.com/philippecery/libs/crng v0.0.0-20210307093052-7ddfd0d4cc30/go.mod h1:Em/tBRm3wiXmJCoJLlP50zGgVvGYXk4kbZPRwFB/ilk=
github.com/philippecery/libs/hkdf v0.0.0-20210221050123-e0754db0b09a/go.mod h1:GyoiLFx84iXTGgANNuavcGUIoDy8iDl7OPS3QpCOyQM=
github.com/philippecery/libs/hkdf v0.0.0-20210307093052-7ddfd0d4cc30 h1:8xOhMDBI6xaA6IhkFr56ItTncTxgCFlIS1V9us2nFts=
github.com/philippecery/libs/hkdf v0.0.0-20210307093052-7ddfd0d4cc30/go.mod h1:GyoiLFx84iXTGgANNuavcGUIoDy8iDl7OPS3QpCOyQM=
github.com/philippecery/libs/hmac v0.0.0-20210307093052-7ddfd0d4cc30 h1:PACmYzjcibfOXFkJ5indegduIdH6keufLbmBJcKi3hg=
github.com/philippecery/libs/hmac v0.0.0-20210307093052-7ddfd0d4cc30/go.mod h1:XAmGPEWOd5+rkTNVSuuBoCVPVbezeQkZTUnFMG/rRjw=
github.com/youmark/pkcs8 v0.0.0-20201027041543-1326539a0a0a h1:fZHgsYlfvtyqToslyjUt3VOPF4J7aK/3MPcK7xp3PDk=
github.com/youmark/pkcs8 v0.0.0-20201027041543-1326539a0a0a/go.mod h1:ul22v+Nro/R083muKhosV54bj5niojjWZvU8xrevuH4=
golang.org/x/crypto v0.0.0-20190308221718-c2843e01d9a2/go.mod h1:djNgcEr1/C05ACkg1iLfiJU5Ep61QUkGW8qpdssI0+w=
golang.org/x/crypto v0.0.0-20200302210943-78000ba7a073/go.mod h1:LzIPMQfyMNhhGPhUkYOs5KpL4U8rLKemX1yGLhDgUto=
golang.org/x/crypto v0.0.0-20210220033148-5ea612d1eb83 h1:/ZScEX8SfEmUGRHs0gxpqteO5nfNW6axyZbBdw9A12g=
golang.org/x/crypto v0.0.0-20210220033148-5ea612d1eb83/go.mod h1:jdWPYTVW3xRLrWPugEBEK3UY2ZEsg3UU495nc5E+M+I=
golang.org/x/net v0.0.0-20190404232315-eb5bcb51f2a3 h1:0GoQqolDA55aaLxZyTzK/Y2ePZzZTUrRacwib7cNsYQ=
golang.org/x/net v0.0.0-20190404232315-eb5bcb51f2a3/go.mod h1:t9HGtf8HONx5eT2rtn7q6eTqICYqUVnKs3thJo3Qplg=
golang.org/x/sys v0.0.0-20190215142949-d0b11bdaac8a/go.mod h1:STP8DvDyc/dI5b8T5hshtkjS+E42TnysNCUPdjciGhY=
golang.org/x/sys v0.0.0-20190412213103-97732733099d/go.mod h1:h1NjWce9XRLGQEsW7wpKNCjG9DtNlClVuFLEZdDNbEs=
golang.org/x/sys v0.0.0-20191026070338-33540a1f6037 h1:YyJpGZS1sBuBCzLAR1VEpK193GlqGZbnPFnPV/5Rsb4=
golang.org/x/sys v0.0.0-20191026070338-33540a1f6037/go.mod h1:h1NjWce9XRLGQEsW7wpKNCjG9DtNlClVuFLEZdDNbEs=
golang.org/x/term v0.0.0-20201117132131-f5c789dd3221 h1:/ZHdbVpdR/jk3g30/d4yUL0JU9kksj8+F/bnQUVLGDM=
golang.org/x/term v0.0.0-20201117132131-f5c789dd3221/go.mod h1:Nr5EML6q2oocZ2LXRh80K7BxOlk5/8JxuGnuhpl+muw=
golang.org/x/text v0.3.0/go.mod h1:NqM8EUOU14njkJ3fqMW+pc6Ldnwhi/IjpwHt7yyuwOQ=
golang.org/x/text v0.3.3/go.mod h1:5Zoc/QRtKVWzQhOtBMvqHzDpF6irO9z98xDceosuGiQ=
golang.org/x/text v0.3.5 h1:i6eZZ+zk0SOf0xgBpEpPD18qWcJda6q1sxt3S0kzyUQ=
golang.org/x/text v0.3.5/go.mod h1:5Zoc/QRtKVWzQhOtBMvqHzDpF6irO9z98xDceosuGiQ=
golang.org/x/tools v0.0.0-20180917221912-90fa682c2a6e h1:FDhOuMEY4JVRztM/gsbk+IKUQ8kj74bxZrgw87eMMVc=
golang.org/x/tools v0.0.0-20180917221912-90fa682c2a6e/go.mod h1:n7NCudcB/nEzxVGmLbDWY5pfWTLqBcC2KZ6jyYvM4mQ=
gopkg.in/check.v1 v0.0.0-20161208181325-20d25e280405/go.mod h1:Co6ibVJAznAaIkqp8huTwlJQCZ016jof/cbN4VW5Yz0=
gopkg.in/check.v1 v1.0.0-20180628173108-788fd7840127 h1:qIbj1fsPNlZgppZ+VLlY7N33q108Sa+fhmuc+sWQYwY=
gopkg.in/check.v1 v1.0.0-20180628173108-788fd7840127/go.mod h1:Co6ibVJAznAaIkqp8huTwlJQCZ016jof/cbN4VW5Yz0=
gopkg.in/yaml.v2 v2.3.0 h1:clyUAQHOM3G0M3f5vQj7LuJrETvjVot3Z5el9nffUtU=
gopkg.in/yaml.v2 v2.3.0/go.mod h1:hI93XBmqTisBFMUTm0b8Fm+jr3Dg1NNxqwp+5A1VGuI=
